
Microsoft Visual Studio Solution File, Format Version 12.00
# Visual Studio Version 17
VisualStudioVersion = 17.0.32014.148
MinimumVisualStudioVersion = 10.0.40219.1
Project("{FAE04EC0-301F-11D3-BF4B-00C04F79EFBC}") = "TinyLibraryManagementSystem", "TinyLibraryManagementSystem.csproj", "{AAFCFDF2-CF11-4F5F-9DF3-841A534C6E76}"
EndProject
Global
	GlobalSection(SolutionConfigurationPlatforms) = preSolution
		Debug|Any CPU = Debug|Any CPU
		Release|Any CPU = Release|Any CPU
	EndGlobalSection
	GlobalSection(ProjectConfigurationPlatforms) = postSolution
		{AAFCFDF2-CF11-4F5F-9DF3-841A534C6E76}.Debug|Any CPU.ActiveCfg = Debug|Any CPU
		{AAFCFDF2-CF11-4F5F-9DF3-841A534C6E76}.Debug|Any CPU.Build.0 = Debug|Any CPU
		{AAFCFDF2-CF11-4F5F-9DF3-841A534C6E76}.Release|Any CPU.ActiveCfg = Release|Any CPU
		{AAFCFDF2-CF11-4F5F-9DF3-841A534C6E76}.Release|Any CPU.Build.0 = Release|Any CPU
	EndGlobalSection
	GlobalSection(SolutionProperties) = preSolution
		HideSolutionNode = FALSE
	EndGlobalSection
	GlobalSection(ExtensibilityGlobals) = postSolution
		SolutionGuid = {05DC2004-8EF4-48E7-8CE3-39EEFFC5DC31}
	EndGlobalSection
EndGlobal
